
Microsoft Visual Studio Solution File, Format Version 12.00
# Visual Studio Version 17
VisualStudioVersion = 17.8.34408.163
MinimumVisualStudioVersion = 10.0.40219.1
Project("{FAE04EC0-301F-11D3-BF4B-00C04F79EFBC}") = "activity program", "activity program\activity program.csproj", "{C3CA397D-9B35-4431-87DD-67A7CBEB654A}"
EndProject
Global
	GlobalSection(SolutionConfigurationPlatforms) = preSolution
		Debug|Any CPU = Debug|Any CPU
		Release|Any CPU = Release|Any CPU
	EndGlobalSection
	GlobalSection(ProjectConfigurationPlatforms) = postSolution
		{C3CA397D-9B35-4431-87DD-67A7CBEB654A}.Debug|Any CPU.ActiveCfg = Debug|Any CPU
		{C3CA397D-9B35-4431-87DD-67A7CBEB654A}.Debug|Any CPU.Build.0 = Debug|Any CPU
		{C3CA397D-9B35-4431-87DD-67A7CBEB654A}.Release|Any CPU.ActiveCfg = Release|Any CPU
		{C3CA397D-9B35-4431-87DD-67A7CBEB654A}.Release|Any CPU.Build.0 = Release|Any CPU
	EndGlobalSection
	GlobalSection(SolutionProperties) = preSolution
		HideSolutionNode = FALSE
	EndGlobalSection
	GlobalSection(ExtensibilityGlobals) = postSolution
		SolutionGuid = {085FF09C-3B01-461E-BCC6-1985B6C5488C}
	EndGlobalSection
EndGlobal
